{
  "pins" : [
    {
      "identity" : "defaults",
      "kind" : "remoteSourceControl",
      "location" : "https://github.com/sindresorhus/Defaults",
      "state" : {
        "revision" : "0f5a23fcbd83eb72f6d405aa85bbfacaffb99b03",
        "version" : "7.2.0"
      }
    },
    {
      "identity" : "grdb.swift",
      "kind" : "remoteSourceControl",
      "location" : "https://github.com/groue/GRDB.swift",
      "state" : {
        "revision" : "57aa4c30bfa0fe6a1913f83042937c4fb943e79c",
        "version" : "6.15.0"
      }
    }
  ],
  "version" : 2
}
