{
  "pins" : [
    {
      "identity" : "defaults",
      "kind" : "remoteSourceControl",
      "location" : "https://github.com/sindresorhus/Defaults",
      "state" : {
        "revision" : "d71bfd8ffbf944ef08eacbca5fb96d6f69bf7696",
        "version" : "7.1.0"
      }
    },
    {
      "identity" : "grdb.swift",
      "kind" : "remoteSourceControl",
      "location" : "https://github.com/groue/GRDB.swift",
      "state" : {
        "revision" : "d3862c042446d3025a8a4123b013e1b6d58fc315",
        "version" : "6.8.0"
      }
    }
  ],
  "version" : 2
}
